
Microsoft Visual Studio Solution File, Format Version 12.00
# Visual Studio 14
VisualStudioVersion = 14.0.23107.0
MinimumVisualStudioVersion = 10.0.40219.1
Project("{FAE04EC0-301F-11D3-BF4B-00C04F79EFBC}") = "TSMsg", "TSMsg\TSMsg.csproj", "{EEB32E97-50E9-46CF-A896-8ABE3DC14D26}"
EndProject
Global
	GlobalSection(SolutionConfigurationPlatforms) = preSolution
		Debug|Any CPU = Debug|Any CPU
		Release|Any CPU = Release|Any CPU
	EndGlobalSection
	GlobalSection(ProjectConfigurationPlatforms) = postSolution
		{EEB32E97-50E9-46CF-A896-8ABE3DC14D26}.Debug|Any CPU.ActiveCfg = Debug|Any CPU
		{EEB32E97-50E9-46CF-A896-8ABE3DC14D26}.Debug|Any CPU.Build.0 = Debug|Any CPU
		{EEB32E97-50E9-46CF-A896-8ABE3DC14D26}.Release|Any CPU.ActiveCfg = Release|Any CPU
		{EEB32E97-50E9-46CF-A896-8ABE3DC14D26}.Release|Any CPU.Build.0 = Release|Any CPU
	EndGlobalSection
	GlobalSection(SolutionProperties) = preSolution
		HideSolutionNode = FALSE
	EndGlobalSection
EndGlobal
